
Microsoft Visual Studio Solution File, Format Version 12.00
# Visual Studio Version 16
VisualStudioVersion = 16.0.32413.511
MinimumVisualStudioVersion = 10.0.40219.1
Project("{9A19103F-16F7-4668-BE54-9A1E7A4F7556}") = "MyWeb", "MyWeb\MyWeb.csproj", "{BE202E60-46AC-42E0-8461-AE72406CFFDB}"
EndProject
Project("{9A19103F-16F7-4668-BE54-9A1E7A4F7556}") = "LibraryWeb", "LibraryWeb\LibraryWeb.csproj", "{87833F5D-F92A-4756-AAAE-290C0A15A062}"
EndProject
Global
	GlobalSection(SolutionConfigurationPlatforms) = preSolution
		Debug|Any CPU = Debug|Any CPU
		Release|Any CPU = Release|Any CPU
	EndGlobalSection
	GlobalSection(ProjectConfigurationPlatforms) = postSolution
		{BE202E60-46AC-42E0-8461-AE72406CFFDB}.Debug|Any CPU.ActiveCfg = Debug|Any CPU
		{BE202E60-46AC-42E0-8461-AE72406CFFDB}.Debug|Any CPU.Build.0 = Debug|Any CPU
		{BE202E60-46AC-42E0-8461-AE72406CFFDB}.Release|Any CPU.ActiveCfg = Release|Any CPU
		{BE202E60-46AC-42E0-8461-AE72406CFFDB}.Release|Any CPU.Build.0 = Release|Any CPU
		{87833F5D-F92A-4756-AAAE-290C0A15A062}.Debug|Any CPU.ActiveCfg = Debug|Any CPU
		{87833F5D-F92A-4756-AAAE-290C0A15A062}.Debug|Any CPU.Build.0 = Debug|Any CPU
		{87833F5D-F92A-4756-AAAE-290C0A15A062}.Release|Any CPU.ActiveCfg = Release|Any CPU
		{87833F5D-F92A-4756-AAAE-290C0A15A062}.Release|Any CPU.Build.0 = Release|Any CPU
	EndGlobalSection
	GlobalSection(SolutionProperties) = preSolution
		HideSolutionNode = FALSE
	EndGlobalSection
	GlobalSection(ExtensibilityGlobals) = postSolution
		SolutionGuid = {4126DE58-B405-46E6-A170-5B06EF251975}
	EndGlobalSection
EndGlobal
